
Microsoft Visual Studio Solution File, Format Version 12.00
# Visual Studio Version 17
VisualStudioVersion = 17.6.33829.357
MinimumVisualStudioVersion = 10.0.40219.1
Project("{FAE04EC0-301F-11D3-BF4B-00C04F79EFBC}") = "Enums", "Enums\Enums.csproj", "{45626A83-A9D6-4153-A046-88059AC3FEEB}"
EndProject
Global
	GlobalSection(SolutionConfigurationPlatforms) = preSolution
		Debug|Any CPU = Debug|Any CPU
		Release|Any CPU = Release|Any CPU
	EndGlobalSection
	GlobalSection(ProjectConfigurationPlatforms) = postSolution
		{45626A83-A9D6-4153-A046-88059AC3FEEB}.Debug|Any CPU.ActiveCfg = Debug|Any CPU
		{45626A83-A9D6-4153-A046-88059AC3FEEB}.Debug|Any CPU.Build.0 = Debug|Any CPU
		{45626A83-A9D6-4153-A046-88059AC3FEEB}.Release|Any CPU.ActiveCfg = Release|Any CPU
		{45626A83-A9D6-4153-A046-88059AC3FEEB}.Release|Any CPU.Build.0 = Release|Any CPU
	EndGlobalSection
	GlobalSection(SolutionProperties) = preSolution
		HideSolutionNode = FALSE
	EndGlobalSection
	GlobalSection(ExtensibilityGlobals) = postSolution
		SolutionGuid = {79A11088-8331-4208-85EA-1ECC6111E6A0}
	EndGlobalSection
EndGlobal
